
Microsoft Visual Studio Solution File, Format Version 12.00
# Visual Studio Version 16
VisualStudioVersion = 16.0.30114.105
MinimumVisualStudioVersion = 10.0.40219.1
Project("{FAE04EC0-301F-11D3-BF4B-00C04F79EFBC}") = "PMA", "PMA\PMA.csproj", "{C18B009E-7EAB-401D-A911-E9392FB7C63A}"
EndProject
Global
	GlobalSection(SolutionConfigurationPlatforms) = preSolution
		Debug|Any CPU = Debug|Any CPU
		Release|Any CPU = Release|Any CPU
	EndGlobalSection
	GlobalSection(ProjectConfigurationPlatforms) = postSolution
		{C18B009E-7EAB-401D-A911-E9392FB7C63A}.Debug|Any CPU.ActiveCfg = Debug|Any CPU
		{C18B009E-7EAB-401D-A911-E9392FB7C63A}.Debug|Any CPU.Build.0 = Debug|Any CPU
		{C18B009E-7EAB-401D-A911-E9392FB7C63A}.Release|Any CPU.ActiveCfg = Release|Any CPU
		{C18B009E-7EAB-401D-A911-E9392FB7C63A}.Release|Any CPU.Build.0 = Release|Any CPU
	EndGlobalSection
	GlobalSection(SolutionProperties) = preSolution
		HideSolutionNode = FALSE
	EndGlobalSection
	GlobalSection(ExtensibilityGlobals) = postSolution
		SolutionGuid = {20DDDC9A-E020-4BEF-A382-CC24E88E0887}
	EndGlobalSection
EndGlobal
